
Microsoft Visual Studio Solution File, Format Version 12.00
# Visual Studio 15
VisualStudioVersion = 15.0.28010.2003
MinimumVisualStudioVersion = 10.0.40219.1
Project("{FAE04EC0-301F-11D3-BF4B-00C04F79EFBC}") = "Sample.Service.Windows", "Sample.Service.Windows\Sample.Service.Windows.csproj", "{40E321A4-AB79-4C0E-A971-35A6C133C2E3}"
EndProject
Project("{9A19103F-16F7-4668-BE54-9A1E7A4F7556}") = "Sample.Service.Linux", "Sample.Service.Linux\Sample.Service.Linux.csproj", "{DA55706A-036E-4102-9289-12BADE2183D4}"
EndProject
Project("{FAE04EC0-301F-11D3-BF4B-00C04F79EFBC}") = "Sample.Service.Standard", "Sample.Service.Standard\Sample.Service.Standard.csproj", "{722F87E6-05AE-4718-A10F-50902BCBEACA}"
EndProject
Global
	GlobalSection(SolutionConfigurationPlatforms) = preSolution
		Debug|Any CPU = Debug|Any CPU
		Release|Any CPU = Release|Any CPU
	EndGlobalSection
	GlobalSection(ProjectConfigurationPlatforms) = postSolution
		{40E321A4-AB79-4C0E-A971-35A6C133C2E3}.Debug|Any CPU.ActiveCfg = Debug|Any CPU
		{40E321A4-AB79-4C0E-A971-35A6C133C2E3}.Debug|Any CPU.Build.0 = Debug|Any CPU
		{40E321A4-AB79-4C0E-A971-35A6C133C2E3}.Release|Any CPU.ActiveCfg = Release|Any CPU
		{40E321A4-AB79-4C0E-A971-35A6C133C2E3}.Release|Any CPU.Build.0 = Release|Any CPU
		{DA55706A-036E-4102-9289-12BADE2183D4}.Debug|Any CPU.ActiveCfg = Debug|Any CPU
		{DA55706A-036E-4102-9289-12BADE2183D4}.Debug|Any CPU.Build.0 = Debug|Any CPU
		{DA55706A-036E-4102-9289-12BADE2183D4}.Release|Any CPU.ActiveCfg = Release|Any CPU
		{DA55706A-036E-4102-9289-12BADE2183D4}.Release|Any CPU.Build.0 = Release|Any CPU
		{722F87E6-05AE-4718-A10F-50902BCBEACA}.Debug|Any CPU.ActiveCfg = Debug|Any CPU
		{722F87E6-05AE-4718-A10F-50902BCBEACA}.Debug|Any CPU.Build.0 = Debug|Any CPU
		{722F87E6-05AE-4718-A10F-50902BCBEACA}.Release|Any CPU.ActiveCfg = Release|Any CPU
		{722F87E6-05AE-4718-A10F-50902BCBEACA}.Release|Any CPU.Build.0 = Release|Any CPU
	EndGlobalSection
	GlobalSection(SolutionProperties) = preSolution
		HideSolutionNode = FALSE
	EndGlobalSection
	GlobalSection(ExtensibilityGlobals) = postSolution
		SolutionGuid = {14F94104-9085-4FBA-A4F8-F6041AF96B57}
	EndGlobalSection
EndGlobal
